// !$*UTF8*$!
{
	archiveVersion = 1;
	classes = {
	};
	objectVersion = 46;
	objects = {

/* Begin PBXBuildFile section */
		BE35A7EB1C039D2500AF6BA2 /* AppDelegate.swift in Sources */ = {isa = PBXBuildFile; fileRef = BE35A7EA1C039D2500AF6BA2 /* AppDelegate.swift */; };
		BE35A7ED1C039D2500AF6BA2 /* ViewController.swift in Sources */ = {isa = PBXBuildFile; fileRef = BE35A7EC1C039D2500AF6BA2 /* ViewController.swift */; };
		BE35A7F01C039D2500AF6BA2 /* Main.storyboard in Resources */ = {isa = PBXBuildFile; fileRef = BE35A7EE1C039D2500AF6BA2 /* Main.storyboard */; };
		BE35A7F31C039D2500AF6BA2 /* M_tG_Life.xcdatamodeld in Sources */ = {isa = PBXBuildFile; fileRef = BE35A7F11C039D2500AF6BA2 /* M_tG_Life.xcdatamodeld */; };
		BE35A7F51C039D2500AF6BA2 /* Assets.xcassets in Resources */ = {isa = PBXBuildFile; fileRef = BE35A7F41C039D2500AF6BA2 /* Assets.xcassets */; };
		BE35A7F81C039D2500AF6BA2 /* LaunchScreen.storyboard in Resources */ = {isa = PBXBuildFile; fileRef = BE35A7F61C039D2500AF6BA2 /* LaunchScreen.storyboard */; };
		BE35A8031C039D2500AF6BA2 /* M_tG_LifeTests.swift in Sources */ = {isa = PBXBuildFile; fileRef = BE35A8021C039D2500AF6BA2 /* M_tG_LifeTests.swift */; };
		BE35A80E1C039D2500AF6BA2 /* M_tG_LifeUITests.swift in Sources */ = {isa = PBXBuildFile; fileRef = BE35A80D1C039D2500AF6BA2 /* M_tG_LifeUITests.swift */; };
/* End PBXBuildFile section */

/* Begin PBXContainerItemProxy section */
		BE35A7FF1C039D2500AF6BA2 /* PBXContainerItemProxy */ = {
			isa = PBXContainerItemProxy;
			containerPortal = BE35A7DF1C039D2500AF6BA2 /* Project object */;
			proxyType = 1;
			remoteGlobalIDString = BE35A7E61C039D2500AF6BA2;
			remoteInfo = "M:tG Life";
		};
		BE35A80A1C039D2500AF6BA2 /* PBXContainerItemProxy */ = {
			isa = PBXContainerItemProxy;
			containerPortal = BE35A7DF1C039D2500AF6BA2 /* Project object */;
			proxyType = 1;
			remoteGlobalIDString = BE35A7E61C039D2500AF6BA2;
			remoteInfo = "M:tG Life";
		};
/* End PBXContainerItemProxy section */

/* Begin PBXFileReference section */
		BE35A7E71C039D2500AF6BA2 /* M:tG Life.app */ = {isa = PBXFileReference; explicitFileType = wrapper.application; includeInIndex = 0; path = "M:tG Life.app"; sourceTree = BUILT_PRODUCTS_DIR; };
		BE35A7EA1C039D2500AF6BA2 /* AppDelegate.swift */ = {isa = PBXFileReference; lastKnownFileType = sourcecode.swift; path = AppDelegate.swift; sourceTree = "<group>"; };
		BE35A7EC1C039D2500AF6BA2 /* ViewController.swift */ = {isa = PBXFileReference; lastKnownFileType = sourcecode.swift; path = ViewController.swift; sourceTree = "<group>"; };
		BE35A7EF1C039D2500AF6BA2 /* Base */ = {isa = PBXFileReference; lastKnownFileType = file.storyboard; name = Base; path = Base.lproj/Main.storyboard; sourceTree = "<group>"; };
		BE35A7F21C039D2500AF6BA2 /* M_tG_Life.xcdatamodel */ = {isa = PBXFileReference; lastKnownFileType = wrapper.xcdatamodel; path = M_tG_Life.xcdatamodel; sourceTree = "<group>"; };
		BE35A7F41C039D2500AF6BA2 /* Assets.xcassets */ = {isa = PBXFileReference; lastKnownFileType = folder.assetcatalog; path = Assets.xcassets; sourceTree = "<group>"; };
		BE35A7F71C039D2500AF6BA2 /* Base */ = {isa = PBXFileReference; lastKnownFileType = file.storyboard; name = Base; path = Base.lproj/LaunchScreen.storyboard; sourceTree = "<group>"; };
		BE35A7F91C039D2500AF6BA2 /* Info.plist */ = {isa = PBXFileReference; lastKnownFileType = text.plist.xml; path = Info.plist; sourceTree = "<group>"; };
		BE35A7FE1C039D2500AF6BA2 /* M:tG LifeTests.xctest */ = {isa = PBXFileReference; explicitFileType = wrapper.cfbundle; includeInIndex = 0; path = "M:tG LifeTests.xctest"; sourceTree = BUILT_PRODUCTS_DIR; };
		BE35A8021C039D2500AF6BA2 /* M_tG_LifeTests.swift */ = {isa = PBXFileReference; lastKnownFileType = sourcecode.swift; path = M_tG_LifeTests.swift; sourceTree = "<group>"; };
		BE35A8041C039D2500AF6BA2 /* Info.plist */ = {isa = PBXFileReference; lastKnownFileType = text.plist.xml; path = Info.plist; sourceTree = "<group>"; };
		BE35A8091C039D2500AF6BA2 /* M:tG LifeUITests.xctest */ = {isa = PBXFileReference; explicitFileType = wrapper.cfbundle; includeInIndex = 0; path = "M:tG LifeUITests.xctest"; sourceTree = BUILT_PRODUCTS_DIR; };
		BE35A80D1C039D2500AF6BA2 /* M_tG_LifeUITests.swift */ = {isa = PBXFileReference; lastKnownFileType = sourcecode.swift; path = M_tG_LifeUITests.swift; sourceTree = "<group>"; };
		BE35A80F1C039D2500AF6BA2 /* Info.plist */ = {isa = PBXFileReference; lastKnownFileType = text.plist.xml; path = Info.plist; sourceTree = "<group>"; };
/* End PBXFileReference section */

/* Begin PBXFrameworksBuildPhase section */
		BE35A7E41C039D2500AF6BA2 /* Frameworks */ = {
			isa = PBXFrameworksBuildPhase;
			buildActionMask = 2147483647;
			files = (
			);
			runOnlyForDeploymentPostprocessing = 0;
		};
		BE35A7FB1C039D2500AF6BA2 /* Frameworks */ = {
			isa = PBXFrameworksBuildPhase;
			buildActionMask = 2147483647;
			files = (
			);
			runOnlyForDeploymentPostprocessing = 0;
		};
		BE35A8061C039D2500AF6BA2 /* Frameworks */ = {
			isa = PBXFrameworksBuildPhase;
			buildActionMask = 2147483647;
			files = (
			);
			runOnlyForDeploymentPostprocessing = 0;
		};
/* End PBXFrameworksBuildPhase section */

/* Begin PBXGroup section */
		BE35A7DE1C039D2500AF6BA2 = {
			isa = PBXGroup;
			children = (
				BE35A7E91C039D2500AF6BA2 /* M:tG Life */,
				BE35A8011C039D2500AF6BA2 /* M:tG LifeTests */,
				BE35A80C1C039D2500AF6BA2 /* M:tG LifeUITests */,
				BE35A7E81C039D2500AF6BA2 /* Products */,
			);
			sourceTree = "<group>";
		};
		BE35A7E81C039D2500AF6BA2 /* Products */ = {
			isa = PBXGroup;
			children = (
				BE35A7E71C039D2500AF6BA2 /* M:tG Life.app */,
				BE35A7FE1C039D2500AF6BA2 /* M:tG LifeTests.xctest */,
				BE35A8091C039D2500AF6BA2 /* M:tG LifeUITests.xctest */,
			);
			name = Products;
			sourceTree = "<group>";
		};
		BE35A7E91C039D2500AF6BA2 /* M:tG Life */ = {
			isa = PBXGroup;
			children = (
				BE35A7EA1C039D2500AF6BA2 /* AppDelegate.swift */,
				BE35A7EC1C039D2500AF6BA2 /* ViewController.swift */,
				BE35A7EE1C039D2500AF6BA2 /* Main.storyboard */,
				BE35A7F41C039D2500AF6BA2 /* Assets.xcassets */,
				BE35A7F61C039D2500AF6BA2 /* LaunchScreen.storyboard */,
				BE35A7F91C039D2500AF6BA2 /* Info.plist */,
				BE35A7F11C039D2500AF6BA2 /* M_tG_Life.xcdatamodeld */,
			);
			path = "M:tG Life";
			sourceTree = "<group>";
		};
		BE35A8011C039D2500AF6BA2 /* M:tG LifeTests */ = {
			isa = PBXGroup;
			children = (
				BE35A8021C039D2500AF6BA2 /* M_tG_LifeTests.swift */,
				BE35A8041C039D2500AF6BA2 /* Info.plist */,
			);
			path = "M:tG LifeTests";
			sourceTree = "<group>";
		};
		BE35A80C1C039D2500AF6BA2 /* M:tG LifeUITests */ = {
			isa = PBXGroup;
			children = (
				BE35A80D1C039D2500AF6BA2 /* M_tG_LifeUITests.swift */,
				BE35A80F1C039D2500AF6BA2 /* Info.plist */,
			);
			path = "M:tG LifeUITests";
			sourceTree = "<group>";
		};
/* End PBXGroup section */

/* Begin PBXNativeTarget section */
		BE35A7E61C039D2500AF6BA2 /* M:tG Life */ = {
			isa = PBXNativeTarget;
			buildConfigurationList = BE35A8121C039D2500AF6BA2 /* Build configuration list for PBXNativeTarget "M:tG Life" */;
			buildPhases = (
				BE35A7E31C039D2500AF6BA2 /* Sources */,
				BE35A7E41C039D2500AF6BA2 /* Frameworks */,
				BE35A7E51C039D2500AF6BA2 /* Resources */,
			);
			buildRules = (
			);
			dependencies = (
			);
			name = "M:tG Life";
			productName = "M:tG Life";
			productReference = BE35A7E71C039D2500AF6BA2 /* M:tG Life.app */;
			productType = "com.apple.product-type.application";
		};
		BE35A7FD1C039D2500AF6BA2 /* M:tG LifeTests */ = {
			isa = PBXNativeTarget;
			buildConfigurationList = BE35A8151C039D2500AF6BA2 /* Build configuration list for PBXNativeTarget "M:tG LifeTests" */;
			buildPhases = (
				BE35A7FA1C039D2500AF6BA2 /* Sources */,
				BE35A7FB1C039D2500AF6BA2 /* Frameworks */,
				BE35A7FC1C039D2500AF6BA2 /* Resources */,
			);
			buildRules = (
			);
			dependencies = (
				BE35A8001C039D2500AF6BA2 /* PBXTargetDependency */,
			);
			name = "M:tG LifeTests";
			productName = "M:tG LifeTests";
			productReference = BE35A7FE1C039D2500AF6BA2 /* M:tG LifeTests.xctest */;
			productType = "com.apple.product-type.bundle.unit-test";
		};
		BE35A8081C039D2500AF6BA2 /* M:tG LifeUITests */ = {
			isa = PBXNativeTarget;
			buildConfigurationList = BE35A8181C039D2500AF6BA2 /* Build configuration list for PBXNativeTarget "M:tG LifeUITests" */;
			buildPhases = (
				BE35A8051C039D2500AF6BA2 /* Sources */,
				BE35A8061C039D2500AF6BA2 /* Frameworks */,
				BE35A8071C039D2500AF6BA2 /* Resources */,
			);
			buildRules = (
			);
			dependencies = (
				BE35A80B1C039D2500AF6BA2 /* PBXTargetDependency */,
			);
			name = "M:tG LifeUITests";
			productName = "M:tG LifeUITests";
			productReference = BE35A8091C039D2500AF6BA2 /* M:tG LifeUITests.xctest */;
			productType = "com.apple.product-type.bundle.ui-testing";
		};
/* End PBXNativeTarget section */

/* Begin PBXProject section */
		BE35A7DF1C039D2500AF6BA2 /* Project object */ = {
			isa = PBXProject;
			attributes = {
				LastSwiftUpdateCheck = 0710;
				LastUpgradeCheck = 0710;
				ORGANIZATIONNAME = "Zero Point Logic";
				TargetAttributes = {
					BE35A7E61C039D2500AF6BA2 = {
						CreatedOnToolsVersion = 7.1.1;
					};
					BE35A7FD1C039D2500AF6BA2 = {
						CreatedOnToolsVersion = 7.1.1;
						TestTargetID = BE35A7E61C039D2500AF6BA2;
					};
					BE35A8081C039D2500AF6BA2 = {
						CreatedOnToolsVersion = 7.1.1;
						TestTargetID = BE35A7E61C039D2500AF6BA2;
					};
				};
			};
			buildConfigurationList = BE35A7E21C039D2500AF6BA2 /* Build configuration list for PBXProject "M:tG Life" */;
			compatibilityVersion = "Xcode 3.2";
			developmentRegion = English;
			hasScannedForEncodings = 0;
			knownRegions = (
				en,
				Base,
			);
			mainGroup = BE35A7DE1C039D2500AF6BA2;
			productRefGroup = BE35A7E81C039D2500AF6BA2 /* Products */;
			projectDirPath = "";
			projectRoot = "";
			targets = (
				BE35A7E61C039D2500AF6BA2 /* M:tG Life */,
				BE35A7FD1C039D2500AF6BA2 /* M:tG LifeTests */,
				BE35A8081C039D2500AF6BA2 /* M:tG LifeUITests */,
			);
		};
/* End PBXProject section */

/* Begin PBXResourcesBuildPhase section */
		BE35A7E51C039D2500AF6BA2 /* Resources */ = {
			isa = PBXResourcesBuildPhase;
			buildActionMask = 2147483647;
			files = (
				BE35A7F81C039D2500AF6BA2 /* LaunchScreen.storyboard in Resources */,
				BE35A7F51C039D2500AF6BA2 /* Assets.xcassets in Resources */,
				BE35A7F01C039D2500AF6BA2 /* Main.storyboard in Resources */,
			);
			runOnlyForDeploymentPostprocessing = 0;
		};
		BE35A7FC1C039D2500AF6BA2 /* Resources */ = {
			isa = PBXResourcesBuildPhase;
			buildActionMask = 2147483647;
			files = (
			);
			runOnlyForDeploymentPostprocessing = 0;
		};
		BE35A8071C039D2500AF6BA2 /* Resources */ = {
			isa = PBXResourcesBuildPhase;
			buildActionMask = 2147483647;
			files = (
			);
			runOnlyForDeploymentPostprocessing = 0;
		};
/* End PBXResourcesBuildPhase section */

/* Begin PBXSourcesBuildPhase section */
		BE35A7E31C039D2500AF6BA2 /* Sources */ = {
			isa = PBXSourcesBuildPhase;
			buildActionMask = 2147483647;
			files = (
				BE35A7ED1C039D2500AF6BA2 /* ViewController.swift in Sources */,
				BE35A7EB1C039D2500AF6BA2 /* AppDelegate.swift in Sources */,
				BE35A7F31C039D2500AF6BA2 /* M_tG_Life.xcdatamodeld in Sources */,
			);
			runOnlyForDeploymentPostprocessing = 0;
		};
		BE35A7FA1C039D2500AF6BA2 /* Sources */ = {
			isa = PBXSourcesBuildPhase;
			buildActionMask = 2147483647;
			files = (
				BE35A8031C039D2500AF6BA2 /* M_tG_LifeTests.swift in Sources */,
			);
			runOnlyForDeploymentPostprocessing = 0;
		};
		BE35A8051C039D2500AF6BA2 /* Sources */ = {
			isa = PBXSourcesBuildPhase;
			buildActionMask = 2147483647;
			files = (
				BE35A80E1C039D2500AF6BA2 /* M_tG_LifeUITests.swift in Sources */,
			);
			runOnlyForDeploymentPostprocessing = 0;
		};
/* End PBXSourcesBuildPhase section */

/* Begin PBXTargetDependency section */
		BE35A8001C039D2500AF6BA2 /* PBXTargetDependency */ = {
			isa = PBXTargetDependency;
			target = BE35A7E61C039D2500AF6BA2 /* M:tG Life */;
			targetProxy = BE35A7FF1C039D2500AF6BA2 /* PBXContainerItemProxy */;
		};
		BE35A80B1C039D2500AF6BA2 /* PBXTargetDependency */ = {
			isa = PBXTargetDependency;
			target = BE35A7E61C039D2500AF6BA2 /* M:tG Life */;
			targetProxy = BE35A80A1C039D2500AF6BA2 /* PBXContainerItemProxy */;
		};
/* End PBXTargetDependency section */

/* Begin PBXVariantGroup section */
		BE35A7EE1C039D2500AF6BA2 /* Main.storyboard */ = {
			isa = PBXVariantGroup;
			children = (
				BE35A7EF1C039D2500AF6BA2 /* Base */,
			);
			name = Main.storyboard;
			sourceTree = "<group>";
		};
		BE35A7F61C039D2500AF6BA2 /* LaunchScreen.storyboard */ = {
			isa = PBXVariantGroup;
			children = (
				BE35A7F71C039D2500AF6BA2 /* Base */,
			);
			name = LaunchScreen.storyboard;
			sourceTree = "<group>";
		};
/* End PBXVariantGroup section */

/* Begin XCBuildConfiguration section */
		BE35A8101C039D2500AF6BA2 /* Debug */ = {
			isa = XCBuildConfiguration;
			buildSettings = {
				ALWAYS_SEARCH_USER_PATHS = NO;
				CLANG_CXX_LANGUAGE_STANDARD = "gnu++0x";
				CLANG_CXX_LIBRARY = "libc++";
				CLANG_ENABLE_MODULES = YES;
				CLANG_ENABLE_OBJC_ARC = YES;
				CLANG_WARN_BOOL_CONVERSION = YES;
				CLANG_WARN_CONSTANT_CONVERSION = YES;
				CLANG_WARN_DIRECT_OBJC_ISA_USAGE = YES_ERROR;
				CLANG_WARN_EMPTY_BODY = YES;
				CLANG_WARN_ENUM_CONVERSION = YES;
				CLANG_WARN_INT_CONVERSION = YES;
				CLANG_WARN_OBJC_ROOT_CLASS = YES_ERROR;
				CLANG_WARN_UNREACHABLE_CODE = YES;
				CLANG_WARN__DUPLICATE_METHOD_MATCH = YES;
				"CODE_SIGN_IDENTITY[sdk=iphoneos*]" = "iPhone Developer";
				COPY_PHASE_STRIP = NO;
				DEBUG_INFORMATION_FORMAT = dwarf;
				ENABLE_STRICT_OBJC_MSGSEND = YES;
				ENABLE_TESTABILITY = YES;
				GCC_C_LANGUAGE_STANDARD = gnu99;
				GCC_DYNAMIC_NO_PIC = NO;
				GCC_NO_COMMON_BLOCKS = YES;
				GCC_OPTIMIZATION_LEVEL = 0;
				GCC_PREPROCESSOR_DEFINITIONS = (
					"DEBUG=1",
					"$(inherited)",
				);
				GCC_WARN_64_TO_32_BIT_CONVERSION = YES;
				GCC_WARN_ABOUT_RETURN_TYPE = YES_ERROR;
				GCC_WARN_UNDECLARED_SELECTOR = YES;
				GCC_WARN_UNINITIALIZED_AUTOS = YES_AGGRESSIVE;
				GCC_WARN_UNUSED_FUNCTION = YES;
				GCC_WARN_UNUSED_VARIABLE = YES;
				IPHONEOS_DEPLOYMENT_TARGET = 9.1;
				MTL_ENABLE_DEBUG_INFO = YES;
				ONLY_ACTIVE_ARCH = YES;
				SDKROOT = iphoneos;
				SWIFT_OPTIMIZATION_LEVEL = "-Onone";
				TARGETED_DEVICE_FAMILY = "1,2";
			};
			name = Debug;
		};
		BE35A8111C039D2500AF6BA2 /* Release */ = {
			isa = XCBuildConfiguration;
			buildSettings = {
				ALWAYS_SEARCH_USER_PATHS = NO;
				CLANG_CXX_LANGUAGE_STANDARD = "gnu++0x";
				CLANG_CXX_LIBRARY = "libc++";
				CLANG_ENABLE_MODULES = YES;
				CLANG_ENABLE_OBJC_ARC = YES;
				CLANG_WARN_BOOL_CONVERSION = YES;
				CLANG_WARN_CONSTANT_CONVERSION = YES;
				CLANG_WARN_DIRECT_OBJC_ISA_USAGE = YES_ERROR;
				CLANG_WARN_EMPTY_BODY = YES;
				CLANG_WARN_ENUM_CONVERSION = YES;
				CLANG_WARN_INT_CONVERSION = YES;
				CLANG_WARN_OBJC_ROOT_CLASS = YES_ERROR;
				CLANG_WARN_UNREACHABLE_CODE = YES;
				CLANG_WARN__DUPLICATE_METHOD_MATCH = YES;
				"CODE_SIGN_IDENTITY[sdk=iphoneos*]" = "iPhone Developer";
				COPY_PHASE_STRIP = NO;
				DEBUG_INFORMATION_FORMAT = "dwarf-with-dsym";
				ENABLE_NS_ASSERTIONS = NO;
				ENABLE_STRICT_OBJC_MSGSEND = YES;
				GCC_C_LANGUAGE_STANDARD = gnu99;
				GCC_NO_COMMON_BLOCKS = YES;
				GCC_WARN_64_TO_32_BIT_CONVERSION = YES;
				GCC_WARN_ABOUT_RETURN_TYPE = YES_ERROR;
				GCC_WARN_UNDECLARED_SELECTOR = YES;
				GCC_WARN_UNINITIALIZED_AUTOS = YES_AGGRESSIVE;
				GCC_WARN_UNUSED_FUNCTION = YES;
				GCC_WARN_UNUSED_VARIABLE = YES;
				IPHONEOS_DEPLOYMENT_TARGET = 9.1;
				MTL_ENABLE_DEBUG_INFO = NO;
				SDKROOT = iphoneos;
				TARGETED_DEVICE_FAMILY = "1,2";
				VALIDATE_PRODUCT = YES;
			};
			name = Release;
		};
		BE35A8131C039D2500AF6BA2 /* Debug */ = {
			isa = XCBuildConfiguration;
			buildSettings = {
				ASSETCATALOG_COMPILER_APPICON_NAME = AppIcon;
				INFOPLIST_FILE = "M:tG Life/Info.plist";
				LD_RUNPATH_SEARCH_PATHS = "$(inherited) @executable_path/Frameworks";
				PRODUCT_BUNDLE_IDENTIFIER = "com.zeropointlogic.M-tG-Life";
				PRODUCT_NAME = "$(TARGET_NAME)";
			};
			name = Debug;
		};
		BE35A8141C039D2500AF6BA2 /* Release */ = {
			isa = XCBuildConfiguration;
			buildSettings = {
				ASSETCATALOG_COMPILER_APPICON_NAME = AppIcon;
				INFOPLIST_FILE = "M:tG Life/Info.plist";
				LD_RUNPATH_SEARCH_PATHS = "$(inherited) @executable_path/Frameworks";
				PRODUCT_BUNDLE_IDENTIFIER = "com.zeropointlogic.M-tG-Life";
				PRODUCT_NAME = "$(TARGET_NAME)";
			};
			name = Release;
		};
		BE35A8161C039D2500AF6BA2 /* Debug */ = {
			isa = XCBuildConfiguration;
			buildSettings = {
				BUNDLE_LOADER = "$(TEST_HOST)";
				INFOPLIST_FILE = "M:tG LifeTests/Info.plist";
				LD_RUNPATH_SEARCH_PATHS = "$(inherited) @executable_path/Frameworks @loader_path/Frameworks";
				PRODUCT_BUNDLE_IDENTIFIER = "com.zeropointlogic.M-tG-LifeTests";
				PRODUCT_NAME = "$(TARGET_NAME)";
				TEST_HOST = "$(BUILT_PRODUCTS_DIR)/M:tG Life.app/M:tG Life";
			};
			name = Debug;
		};
		BE35A8171C039D2500AF6BA2 /* Release */ = {
			isa = XCBuildConfiguration;
			buildSettings = {
				BUNDLE_LOADER = "$(TEST_HOST)";
				INFOPLIST_FILE = "M:tG LifeTests/Info.plist";
				LD_RUNPATH_SEARCH_PATHS = "$(inherited) @executable_path/Frameworks @loader_path/Frameworks";
				PRODUCT_BUNDLE_IDENTIFIER = "com.zeropointlogic.M-tG-LifeTests";
				PRODUCT_NAME = "$(TARGET_NAME)";
				TEST_HOST = "$(BUILT_PRODUCTS_DIR)/M:tG Life.app/M:tG Life";
			};
			name = Release;
		};
		BE35A8191C039D2500AF6BA2 /* Debug */ = {
			isa = XCBuildConfiguration;
			buildSettings = {
				INFOPLIST_FILE = "M:tG LifeUITests/Info.plist";
				LD_RUNPATH_SEARCH_PATHS = "$(inherited) @executable_path/Frameworks @loader_path/Frameworks";
				PRODUCT_BUNDLE_IDENTIFIER = "com.zeropointlogic.M-tG-LifeUITests";
				PRODUCT_NAME = "$(TARGET_NAME)";
				TEST_TARGET_NAME = "M:tG Life";
				USES_XCTRUNNER = YES;
			};
			name = Debug;
		};
		BE35A81A1C039D2500AF6BA2 /* Release */ = {
			isa = XCBuildConfiguration;
			buildSettings = {
				INFOPLIST_FILE = "M:tG LifeUITests/Info.plist";
				LD_RUNPATH_SEARCH_PATHS = "$(inherited) @executable_path/Frameworks @loader_path/Frameworks";
				PRODUCT_BUNDLE_IDENTIFIER = "com.zeropointlogic.M-tG-LifeUITests";
				PRODUCT_NAME = "$(TARGET_NAME)";
				TEST_TARGET_NAME = "M:tG Life";
				USES_XCTRUNNER = YES;
			};
			name = Release;
		};
/* End XCBuildConfiguration section */

/* Begin XCConfigurationList section */
		BE35A7E21C039D2500AF6BA2 /* Build configuration list for PBXProject "M:tG Life" */ = {
			isa = XCConfigurationList;
			buildConfigurations = (
				BE35A8101C039D2500AF6BA2 /* Debug */,
				BE35A8111C039D2500AF6BA2 /* Release */,
			);
			defaultConfigurationIsVisible = 0;
			defaultConfigurationName = Release;
		};
		BE35A8121C039D2500AF6BA2 /* Build configuration list for PBXNativeTarget "M:tG Life" */ = {
			isa = XCConfigurationList;
			buildConfigurations = (
				BE35A8131C039D2500AF6BA2 /* Debug */,
				BE35A8141C039D2500AF6BA2 /* Release */,
			);
			defaultConfigurationIsVisible = 0;
		};
		BE35A8151C039D2500AF6BA2 /* Build configuration list for PBXNativeTarget "M:tG LifeTests" */ = {
			isa = XCConfigurationList;
			buildConfigurations = (
				BE35A8161C039D2500AF6BA2 /* Debug */,
				BE35A8171C039D2500AF6BA2 /* Release */,
			);
			defaultConfigurationIsVisible = 0;
		};
		BE35A8181C039D2500AF6BA2 /* Build configuration list for PBXNativeTarget "M:tG LifeUITests" */ = {
			isa = XCConfigurationList;
			buildConfigurations = (
				BE35A8191C039D2500AF6BA2 /* Debug */,
				BE35A81A1C039D2500AF6BA2 /* Release */,
			);
			defaultConfigurationIsVisible = 0;
		};
/* End XCConfigurationList section */

/* Begin XCVersionGroup section */
		BE35A7F11C039D2500AF6BA2 /* M_tG_Life.xcdatamodeld */ = {
			isa = XCVersionGroup;
			children = (
				BE35A7F21C039D2500AF6BA2 /* M_tG_Life.xcdatamodel */,
			);
			currentVersion = BE35A7F21C039D2500AF6BA2 /* M_tG_Life.xcdatamodel */;
			path = M_tG_Life.xcdatamodeld;
			sourceTree = "<group>";
			versionGroupType = wrapper.xcdatamodel;
		};
/* End XCVersionGroup section */
	};
	rootObject = BE35A7DF1C039D2500AF6BA2 /* Project object */;
}
