// !$*UTF8*$!
{
	archiveVersion = 1;
	classes = {
	};
	objectVersion = 46;
	objects = {

/* Begin PBXBuildFile section */
		BE283CDD1C33611C00E71598 /* main.m in Sources */ = {isa = PBXBuildFile; fileRef = BE283CDC1C33611C00E71598 /* main.m */; };
		BE283CE01C33611C00E71598 /* AppDelegate.m in Sources */ = {isa = PBXBuildFile; fileRef = BE283CDF1C33611C00E71598 /* AppDelegate.m */; };
		BE283CE31C33611C00E71598 /* ViewController.m in Sources */ = {isa = PBXBuildFile; fileRef = BE283CE21C33611C00E71598 /* ViewController.m */; };
		BE283CE61C33611C00E71598 /* Main.storyboard in Resources */ = {isa = PBXBuildFile; fileRef = BE283CE41C33611C00E71598 /* Main.storyboard */; };
		BE283CEB1C33611C00E71598 /* Assets.xcassets in Resources */ = {isa = PBXBuildFile; fileRef = BE283CEA1C33611C00E71598 /* Assets.xcassets */; };
		BE283CEE1C33611C00E71598 /* LaunchScreen.storyboard in Resources */ = {isa = PBXBuildFile; fileRef = BE283CEC1C33611C00E71598 /* LaunchScreen.storyboard */; };
		BE283CF91C33611C00E71598 /* M_tG_LifeTests.m in Sources */ = {isa = PBXBuildFile; fileRef = BE283CF81C33611C00E71598 /* M_tG_LifeTests.m */; };
		BE283D041C33611C00E71598 /* M_tG_LifeUITests.m in Sources */ = {isa = PBXBuildFile; fileRef = BE283D031C33611C00E71598 /* M_tG_LifeUITests.m */; };
		BE283D1F1C336C5E00E71598 /* ZPLCoreDataManager.m in Sources */ = {isa = PBXBuildFile; fileRef = BE283D1E1C336C5E00E71598 /* ZPLCoreDataManager.m */; };
		BE283D221C336C8900E71598 /* M_tG_Life.xcdatamodeld in Sources */ = {isa = PBXBuildFile; fileRef = BE283D201C336C8900E71598 /* M_tG_Life.xcdatamodeld */; };
		BE283D261C336CF100E71598 /* ZPLCardSetup.m in Sources */ = {isa = PBXBuildFile; fileRef = BE283D251C336CF100E71598 /* ZPLCardSetup.m */; };
		BEC15EDF1C3CAC4100F160B3 /* MTGColor+CoreDataProperties.m in Sources */ = {isa = PBXBuildFile; fileRef = BEC15ED81C3CAC4100F160B3 /* MTGColor+CoreDataProperties.m */; };
		BEC15EE01C3CAC4100F160B3 /* MTGColor.m in Sources */ = {isa = PBXBuildFile; fileRef = BEC15EDA1C3CAC4100F160B3 /* MTGColor.m */; };
		BEC15EE11C3CAC4100F160B3 /* MTGCard+CoreDataProperties.m in Sources */ = {isa = PBXBuildFile; fileRef = BEC15EDC1C3CAC4100F160B3 /* MTGCard+CoreDataProperties.m */; };
		BEC15EE21C3CAC4100F160B3 /* MTGCard.m in Sources */ = {isa = PBXBuildFile; fileRef = BEC15EDE1C3CAC4100F160B3 /* MTGCard.m */; };
		BEC15EE91C3CBACE00F160B3 /* ZPLCardWrapper.m in Sources */ = {isa = PBXBuildFile; fileRef = BEC15EE81C3CBACE00F160B3 /* ZPLCardWrapper.m */; };
		BEC15EEC1C3CBADE00F160B3 /* ZPLColorWrapper.m in Sources */ = {isa = PBXBuildFile; fileRef = BEC15EEB1C3CBADE00F160B3 /* ZPLColorWrapper.m */; };
		BEC15EEF1C3CBCB700F160B3 /* ZPLManagedObjectWrapper.m in Sources */ = {isa = PBXBuildFile; fileRef = BEC15EEE1C3CBCB700F160B3 /* ZPLManagedObjectWrapper.m */; };
		BEC15EF51C3CC85300F160B3 /* ZPLFetchedResultsController.m in Sources */ = {isa = PBXBuildFile; fileRef = BEC15EF41C3CC85300F160B3 /* ZPLFetchedResultsController.m */; };
/* End PBXBuildFile section */

/* Begin PBXContainerItemProxy section */
		BE283CF51C33611C00E71598 /* PBXContainerItemProxy */ = {
			isa = PBXContainerItemProxy;
			containerPortal = BE283CD01C33611C00E71598 /* Project object */;
			proxyType = 1;
			remoteGlobalIDString = BE283CD71C33611C00E71598;
			remoteInfo = "M:tG Life";
		};
		BE283D001C33611C00E71598 /* PBXContainerItemProxy */ = {
			isa = PBXContainerItemProxy;
			containerPortal = BE283CD01C33611C00E71598 /* Project object */;
			proxyType = 1;
			remoteGlobalIDString = BE283CD71C33611C00E71598;
			remoteInfo = "M:tG Life";
		};
/* End PBXContainerItemProxy section */

/* Begin PBXFileReference section */
		BE19BF241C3E08B000F0916B /* ZPLCardProtocol.h */ = {isa = PBXFileReference; fileEncoding = 4; lastKnownFileType = sourcecode.c.h; path = ZPLCardProtocol.h; sourceTree = "<group>"; };
		BE19BF251C3E08B000F0916B /* ZPLColorProtocol.h */ = {isa = PBXFileReference; fileEncoding = 4; lastKnownFileType = sourcecode.c.h; path = ZPLColorProtocol.h; sourceTree = "<group>"; };
		BE283CD81C33611C00E71598 /* M:tG Life.app */ = {isa = PBXFileReference; explicitFileType = wrapper.application; includeInIndex = 0; path = "M:tG Life.app"; sourceTree = BUILT_PRODUCTS_DIR; };
		BE283CDC1C33611C00E71598 /* main.m */ = {isa = PBXFileReference; lastKnownFileType = sourcecode.c.objc; path = main.m; sourceTree = "<group>"; };
		BE283CDE1C33611C00E71598 /* AppDelegate.h */ = {isa = PBXFileReference; lastKnownFileType = sourcecode.c.h; path = AppDelegate.h; sourceTree = "<group>"; };
		BE283CDF1C33611C00E71598 /* AppDelegate.m */ = {isa = PBXFileReference; lastKnownFileType = sourcecode.c.objc; path = AppDelegate.m; sourceTree = "<group>"; };
		BE283CE11C33611C00E71598 /* ViewController.h */ = {isa = PBXFileReference; lastKnownFileType = sourcecode.c.h; path = ViewController.h; sourceTree = "<group>"; };
		BE283CE21C33611C00E71598 /* ViewController.m */ = {isa = PBXFileReference; lastKnownFileType = sourcecode.c.objc; path = ViewController.m; sourceTree = "<group>"; };
		BE283CE51C33611C00E71598 /* Base */ = {isa = PBXFileReference; lastKnownFileType = file.storyboard; name = Base; path = Base.lproj/Main.storyboard; sourceTree = "<group>"; };
		BE283CEA1C33611C00E71598 /* Assets.xcassets */ = {isa = PBXFileReference; lastKnownFileType = folder.assetcatalog; path = Assets.xcassets; sourceTree = "<group>"; };
		BE283CED1C33611C00E71598 /* Base */ = {isa = PBXFileReference; lastKnownFileType = file.storyboard; name = Base; path = Base.lproj/LaunchScreen.storyboard; sourceTree = "<group>"; };
		BE283CEF1C33611C00E71598 /* Info.plist */ = {isa = PBXFileReference; lastKnownFileType = text.plist.xml; path = Info.plist; sourceTree = "<group>"; };
		BE283CF41C33611C00E71598 /* M:tG LifeTests.xctest */ = {isa = PBXFileReference; explicitFileType = wrapper.cfbundle; includeInIndex = 0; path = "M:tG LifeTests.xctest"; sourceTree = BUILT_PRODUCTS_DIR; };
		BE283CF81C33611C00E71598 /* M_tG_LifeTests.m */ = {isa = PBXFileReference; lastKnownFileType = sourcecode.c.objc; path = M_tG_LifeTests.m; sourceTree = "<group>"; };
		BE283CFA1C33611C00E71598 /* Info.plist */ = {isa = PBXFileReference; lastKnownFileType = text.plist.xml; path = Info.plist; sourceTree = "<group>"; };
		BE283CFF1C33611C00E71598 /* M:tG LifeUITests.xctest */ = {isa = PBXFileReference; explicitFileType = wrapper.cfbundle; includeInIndex = 0; path = "M:tG LifeUITests.xctest"; sourceTree = BUILT_PRODUCTS_DIR; };
		BE283D031C33611C00E71598 /* M_tG_LifeUITests.m */ = {isa = PBXFileReference; lastKnownFileType = sourcecode.c.objc; path = M_tG_LifeUITests.m; sourceTree = "<group>"; };
		BE283D051C33611C00E71598 /* Info.plist */ = {isa = PBXFileReference; lastKnownFileType = text.plist.xml; path = Info.plist; sourceTree = "<group>"; };
		BE283D1D1C336C5E00E71598 /* ZPLCoreDataManager.h */ = {isa = PBXFileReference; fileEncoding = 4; lastKnownFileType = sourcecode.c.h; path = ZPLCoreDataManager.h; sourceTree = "<group>"; };
		BE283D1E1C336C5E00E71598 /* ZPLCoreDataManager.m */ = {isa = PBXFileReference; fileEncoding = 4; lastKnownFileType = sourcecode.c.objc; path = ZPLCoreDataManager.m; sourceTree = "<group>"; };
		BE283D211C336C8900E71598 /* M_tG_Life.xcdatamodel */ = {isa = PBXFileReference; lastKnownFileType = wrapper.xcdatamodel; path = M_tG_Life.xcdatamodel; sourceTree = "<group>"; };
		BE283D241C336CF100E71598 /* ZPLCardSetup.h */ = {isa = PBXFileReference; fileEncoding = 4; lastKnownFileType = sourcecode.c.h; path = ZPLCardSetup.h; sourceTree = "<group>"; };
		BE283D251C336CF100E71598 /* ZPLCardSetup.m */ = {isa = PBXFileReference; fileEncoding = 4; lastKnownFileType = sourcecode.c.objc; path = ZPLCardSetup.m; sourceTree = "<group>"; };
		BEC15ED71C3CAC4100F160B3 /* MTGColor+CoreDataProperties.h */ = {isa = PBXFileReference; fileEncoding = 4; lastKnownFileType = sourcecode.c.h; path = "MTGColor+CoreDataProperties.h"; sourceTree = "<group>"; };
		BEC15ED81C3CAC4100F160B3 /* MTGColor+CoreDataProperties.m */ = {isa = PBXFileReference; fileEncoding = 4; lastKnownFileType = sourcecode.c.objc; path = "MTGColor+CoreDataProperties.m"; sourceTree = "<group>"; };
		BEC15ED91C3CAC4100F160B3 /* MTGColor.h */ = {isa = PBXFileReference; fileEncoding = 4; lastKnownFileType = sourcecode.c.h; path = MTGColor.h; sourceTree = "<group>"; };
		BEC15EDA1C3CAC4100F160B3 /* MTGColor.m */ = {isa = PBXFileReference; fileEncoding = 4; lastKnownFileType = sourcecode.c.objc; path = MTGColor.m; sourceTree = "<group>"; };
		BEC15EDB1C3CAC4100F160B3 /* MTGCard+CoreDataProperties.h */ = {isa = PBXFileReference; fileEncoding = 4; lastKnownFileType = sourcecode.c.h; path = "MTGCard+CoreDataProperties.h"; sourceTree = "<group>"; };
		BEC15EDC1C3CAC4100F160B3 /* MTGCard+CoreDataProperties.m */ = {isa = PBXFileReference; fileEncoding = 4; lastKnownFileType = sourcecode.c.objc; path = "MTGCard+CoreDataProperties.m"; sourceTree = "<group>"; };
		BEC15EDD1C3CAC4100F160B3 /* MTGCard.h */ = {isa = PBXFileReference; fileEncoding = 4; lastKnownFileType = sourcecode.c.h; path = MTGCard.h; sourceTree = "<group>"; };
		BEC15EDE1C3CAC4100F160B3 /* MTGCard.m */ = {isa = PBXFileReference; fileEncoding = 4; lastKnownFileType = sourcecode.c.objc; path = MTGCard.m; sourceTree = "<group>"; };
		BEC15EE71C3CBACE00F160B3 /* ZPLCardWrapper.h */ = {isa = PBXFileReference; fileEncoding = 4; lastKnownFileType = sourcecode.c.h; path = ZPLCardWrapper.h; sourceTree = "<group>"; };
		BEC15EE81C3CBACE00F160B3 /* ZPLCardWrapper.m */ = {isa = PBXFileReference; fileEncoding = 4; lastKnownFileType = sourcecode.c.objc; path = ZPLCardWrapper.m; sourceTree = "<group>"; };
		BEC15EEA1C3CBADE00F160B3 /* ZPLColorWrapper.h */ = {isa = PBXFileReference; fileEncoding = 4; lastKnownFileType = sourcecode.c.h; path = ZPLColorWrapper.h; sourceTree = "<group>"; };
		BEC15EEB1C3CBADE00F160B3 /* ZPLColorWrapper.m */ = {isa = PBXFileReference; fileEncoding = 4; lastKnownFileType = sourcecode.c.objc; path = ZPLColorWrapper.m; sourceTree = "<group>"; };
		BEC15EED1C3CBCB700F160B3 /* ZPLManagedObjectWrapper.h */ = {isa = PBXFileReference; fileEncoding = 4; lastKnownFileType = sourcecode.c.h; path = ZPLManagedObjectWrapper.h; sourceTree = "<group>"; };
		BEC15EEE1C3CBCB700F160B3 /* ZPLManagedObjectWrapper.m */ = {isa = PBXFileReference; fileEncoding = 4; lastKnownFileType = sourcecode.c.objc; path = ZPLManagedObjectWrapper.m; sourceTree = "<group>"; };
		BEC15EF31C3CC85300F160B3 /* ZPLFetchedResultsController.h */ = {isa = PBXFileReference; fileEncoding = 4; lastKnownFileType = sourcecode.c.h; path = ZPLFetchedResultsController.h; sourceTree = "<group>"; };
		BEC15EF41C3CC85300F160B3 /* ZPLFetchedResultsController.m */ = {isa = PBXFileReference; fileEncoding = 4; lastKnownFileType = sourcecode.c.objc; path = ZPLFetchedResultsController.m; sourceTree = "<group>"; };
/* End PBXFileReference section */

/* Begin PBXFrameworksBuildPhase section */
		BE283CD51C33611C00E71598 /* Frameworks */ = {
			isa = PBXFrameworksBuildPhase;
			buildActionMask = 2147483647;
			files = (
			);
			runOnlyForDeploymentPostprocessing = 0;
		};
		BE283CF11C33611C00E71598 /* Frameworks */ = {
			isa = PBXFrameworksBuildPhase;
			buildActionMask = 2147483647;
			files = (
			);
			runOnlyForDeploymentPostprocessing = 0;
		};
		BE283CFC1C33611C00E71598 /* Frameworks */ = {
			isa = PBXFrameworksBuildPhase;
			buildActionMask = 2147483647;
			files = (
			);
			runOnlyForDeploymentPostprocessing = 0;
		};
/* End PBXFrameworksBuildPhase section */

/* Begin PBXGroup section */
		BE19BF231C3E08B000F0916B /* Model */ = {
			isa = PBXGroup;
			children = (
				BE19BF241C3E08B000F0916B /* ZPLCardProtocol.h */,
				BE19BF251C3E08B000F0916B /* ZPLColorProtocol.h */,
			);
			path = Model;
			sourceTree = "<group>";
		};
		BE283CCF1C33611C00E71598 = {
			isa = PBXGroup;
			children = (
				BE283CDA1C33611C00E71598 /* M:tG Life */,
				BE283CF71C33611C00E71598 /* M:tG LifeTests */,
				BE283D021C33611C00E71598 /* M:tG LifeUITests */,
				BE283CD91C33611C00E71598 /* Products */,
			);
			sourceTree = "<group>";
		};
		BE283CD91C33611C00E71598 /* Products */ = {
			isa = PBXGroup;
			children = (
				BE283CD81C33611C00E71598 /* M:tG Life.app */,
				BE283CF41C33611C00E71598 /* M:tG LifeTests.xctest */,
				BE283CFF1C33611C00E71598 /* M:tG LifeUITests.xctest */,
			);
			name = Products;
			sourceTree = "<group>";
		};
		BE283CDA1C33611C00E71598 /* M:tG Life */ = {
			isa = PBXGroup;
			children = (
				BE19BF231C3E08B000F0916B /* Model */,
				BE283D1B1C336C5E00E71598 /* Core Data */,
				BE283CDE1C33611C00E71598 /* AppDelegate.h */,
				BE283CDF1C33611C00E71598 /* AppDelegate.m */,
				BE283CE11C33611C00E71598 /* ViewController.h */,
				BE283CE21C33611C00E71598 /* ViewController.m */,
				BE283CE41C33611C00E71598 /* Main.storyboard */,
				BE283CEA1C33611C00E71598 /* Assets.xcassets */,
				BE283CEC1C33611C00E71598 /* LaunchScreen.storyboard */,
				BE283CEF1C33611C00E71598 /* Info.plist */,
				BE283CDB1C33611C00E71598 /* Supporting Files */,
			);
			path = "M:tG Life";
			sourceTree = "<group>";
		};
		BE283CDB1C33611C00E71598 /* Supporting Files */ = {
			isa = PBXGroup;
			children = (
				BE283CDC1C33611C00E71598 /* main.m */,
			);
			name = "Supporting Files";
			sourceTree = "<group>";
		};
		BE283CF71C33611C00E71598 /* M:tG LifeTests */ = {
			isa = PBXGroup;
			children = (
				BE283CF81C33611C00E71598 /* M_tG_LifeTests.m */,
				BE283CFA1C33611C00E71598 /* Info.plist */,
			);
			path = "M:tG LifeTests";
			sourceTree = "<group>";
		};
		BE283D021C33611C00E71598 /* M:tG LifeUITests */ = {
			isa = PBXGroup;
			children = (
				BE283D031C33611C00E71598 /* M_tG_LifeUITests.m */,
				BE283D051C33611C00E71598 /* Info.plist */,
			);
			path = "M:tG LifeUITests";
			sourceTree = "<group>";
		};
		BE283D1B1C336C5E00E71598 /* Core Data */ = {
			isa = PBXGroup;
			children = (
				BE283D1D1C336C5E00E71598 /* ZPLCoreDataManager.h */,
				BE283D1E1C336C5E00E71598 /* ZPLCoreDataManager.m */,
				BEC15EF31C3CC85300F160B3 /* ZPLFetchedResultsController.h */,
				BEC15EF41C3CC85300F160B3 /* ZPLFetchedResultsController.m */,
				BEC15EE61C3CBA8D00F160B3 /* Model Wrappers */,
				BE283D231C336CC100E71598 /* Setup */,
				BE283D201C336C8900E71598 /* M_tG_Life.xcdatamodeld */,
				BE283D1C1C336C5E00E71598 /* Core Data Models */,
			);
			path = "Core Data";
			sourceTree = "<group>";
		};
		BE283D1C1C336C5E00E71598 /* Core Data Models */ = {
			isa = PBXGroup;
			children = (
				BEC15ED71C3CAC4100F160B3 /* MTGColor+CoreDataProperties.h */,
				BEC15ED81C3CAC4100F160B3 /* MTGColor+CoreDataProperties.m */,
				BEC15ED91C3CAC4100F160B3 /* MTGColor.h */,
				BEC15EDA1C3CAC4100F160B3 /* MTGColor.m */,
				BEC15EDB1C3CAC4100F160B3 /* MTGCard+CoreDataProperties.h */,
				BEC15EDC1C3CAC4100F160B3 /* MTGCard+CoreDataProperties.m */,
				BEC15EDD1C3CAC4100F160B3 /* MTGCard.h */,
				BEC15EDE1C3CAC4100F160B3 /* MTGCard.m */,
			);
			path = "Core Data Models";
			sourceTree = "<group>";
		};
		BE283D231C336CC100E71598 /* Setup */ = {
			isa = PBXGroup;
			children = (
				BE283D241C336CF100E71598 /* ZPLCardSetup.h */,
				BE283D251C336CF100E71598 /* ZPLCardSetup.m */,
			);
			path = Setup;
			sourceTree = "<group>";
		};
		BEC15EE61C3CBA8D00F160B3 /* Model Wrappers */ = {
			isa = PBXGroup;
			children = (
				BEC15EED1C3CBCB700F160B3 /* ZPLManagedObjectWrapper.h */,
				BEC15EEE1C3CBCB700F160B3 /* ZPLManagedObjectWrapper.m */,
				BEC15EE71C3CBACE00F160B3 /* ZPLCardWrapper.h */,
				BEC15EE81C3CBACE00F160B3 /* ZPLCardWrapper.m */,
				BEC15EEA1C3CBADE00F160B3 /* ZPLColorWrapper.h */,
				BEC15EEB1C3CBADE00F160B3 /* ZPLColorWrapper.m */,
			);
			path = "Model Wrappers";
			sourceTree = "<group>";
		};
/* End PBXGroup section */

/* Begin PBXNativeTarget section */
		BE283CD71C33611C00E71598 /* M:tG Life */ = {
			isa = PBXNativeTarget;
			buildConfigurationList = BE283D081C33611C00E71598 /* Build configuration list for PBXNativeTarget "M:tG Life" */;
			buildPhases = (
				BE283CD41C33611C00E71598 /* Sources */,
				BE283CD51C33611C00E71598 /* Frameworks */,
				BE283CD61C33611C00E71598 /* Resources */,
			);
			buildRules = (
			);
			dependencies = (
			);
			name = "M:tG Life";
			productName = "M:tG Life";
			productReference = BE283CD81C33611C00E71598 /* M:tG Life.app */;
			productType = "com.apple.product-type.application";
		};
		BE283CF31C33611C00E71598 /* M:tG LifeTests */ = {
			isa = PBXNativeTarget;
			buildConfigurationList = BE283D0B1C33611C00E71598 /* Build configuration list for PBXNativeTarget "M:tG LifeTests" */;
			buildPhases = (
				BE283CF01C33611C00E71598 /* Sources */,
				BE283CF11C33611C00E71598 /* Frameworks */,
				BE283CF21C33611C00E71598 /* Resources */,
			);
			buildRules = (
			);
			dependencies = (
				BE283CF61C33611C00E71598 /* PBXTargetDependency */,
			);
			name = "M:tG LifeTests";
			productName = "M:tG LifeTests";
			productReference = BE283CF41C33611C00E71598 /* M:tG LifeTests.xctest */;
			productType = "com.apple.product-type.bundle.unit-test";
		};
		BE283CFE1C33611C00E71598 /* M:tG LifeUITests */ = {
			isa = PBXNativeTarget;
			buildConfigurationList = BE283D0E1C33611C00E71598 /* Build configuration list for PBXNativeTarget "M:tG LifeUITests" */;
			buildPhases = (
				BE283CFB1C33611C00E71598 /* Sources */,
				BE283CFC1C33611C00E71598 /* Frameworks */,
				BE283CFD1C33611C00E71598 /* Resources */,
			);
			buildRules = (
			);
			dependencies = (
				BE283D011C33611C00E71598 /* PBXTargetDependency */,
			);
			name = "M:tG LifeUITests";
			productName = "M:tG LifeUITests";
			productReference = BE283CFF1C33611C00E71598 /* M:tG LifeUITests.xctest */;
			productType = "com.apple.product-type.bundle.ui-testing";
		};
/* End PBXNativeTarget section */

/* Begin PBXProject section */
		BE283CD01C33611C00E71598 /* Project object */ = {
			isa = PBXProject;
			attributes = {
				LastUpgradeCheck = 0720;
				ORGANIZATIONNAME = "Zero Point Logic";
				TargetAttributes = {
					BE283CD71C33611C00E71598 = {
						CreatedOnToolsVersion = 7.2;
					};
					BE283CF31C33611C00E71598 = {
						CreatedOnToolsVersion = 7.2;
						TestTargetID = BE283CD71C33611C00E71598;
					};
					BE283CFE1C33611C00E71598 = {
						CreatedOnToolsVersion = 7.2;
						TestTargetID = BE283CD71C33611C00E71598;
					};
				};
			};
			buildConfigurationList = BE283CD31C33611C00E71598 /* Build configuration list for PBXProject "M:tG Life" */;
			compatibilityVersion = "Xcode 3.2";
			developmentRegion = English;
			hasScannedForEncodings = 0;
			knownRegions = (
				en,
				Base,
			);
			mainGroup = BE283CCF1C33611C00E71598;
			productRefGroup = BE283CD91C33611C00E71598 /* Products */;
			projectDirPath = "";
			projectRoot = "";
			targets = (
				BE283CD71C33611C00E71598 /* M:tG Life */,
				BE283CF31C33611C00E71598 /* M:tG LifeTests */,
				BE283CFE1C33611C00E71598 /* M:tG LifeUITests */,
			);
		};
/* End PBXProject section */

/* Begin PBXResourcesBuildPhase section */
		BE283CD61C33611C00E71598 /* Resources */ = {
			isa = PBXResourcesBuildPhase;
			buildActionMask = 2147483647;
			files = (
				BE283CEE1C33611C00E71598 /* LaunchScreen.storyboard in Resources */,
				BE283CEB1C33611C00E71598 /* Assets.xcassets in Resources */,
				BE283CE61C33611C00E71598 /* Main.storyboard in Resources */,
			);
			runOnlyForDeploymentPostprocessing = 0;
		};
		BE283CF21C33611C00E71598 /* Resources */ = {
			isa = PBXResourcesBuildPhase;
			buildActionMask = 2147483647;
			files = (
			);
			runOnlyForDeploymentPostprocessing = 0;
		};
		BE283CFD1C33611C00E71598 /* Resources */ = {
			isa = PBXResourcesBuildPhase;
			buildActionMask = 2147483647;
			files = (
			);
			runOnlyForDeploymentPostprocessing = 0;
		};
/* End PBXResourcesBuildPhase section */

/* Begin PBXSourcesBuildPhase section */
		BE283CD41C33611C00E71598 /* Sources */ = {
			isa = PBXSourcesBuildPhase;
			buildActionMask = 2147483647;
			files = (
				BE283D261C336CF100E71598 /* ZPLCardSetup.m in Sources */,
				BEC15EE11C3CAC4100F160B3 /* MTGCard+CoreDataProperties.m in Sources */,
				BE283CE31C33611C00E71598 /* ViewController.m in Sources */,
				BE283D221C336C8900E71598 /* M_tG_Life.xcdatamodeld in Sources */,
				BEC15EE21C3CAC4100F160B3 /* MTGCard.m in Sources */,
				BEC15EF51C3CC85300F160B3 /* ZPLFetchedResultsController.m in Sources */,
				BE283CE01C33611C00E71598 /* AppDelegate.m in Sources */,
				BEC15EEC1C3CBADE00F160B3 /* ZPLColorWrapper.m in Sources */,
				BEC15EE01C3CAC4100F160B3 /* MTGColor.m in Sources */,
				BEC15EDF1C3CAC4100F160B3 /* MTGColor+CoreDataProperties.m in Sources */,
				BE283D1F1C336C5E00E71598 /* ZPLCoreDataManager.m in Sources */,
				BEC15EEF1C3CBCB700F160B3 /* ZPLManagedObjectWrapper.m in Sources */,
				BEC15EE91C3CBACE00F160B3 /* ZPLCardWrapper.m in Sources */,
				BE283CDD1C33611C00E71598 /* main.m in Sources */,
			);
			runOnlyForDeploymentPostprocessing = 0;
		};
		BE283CF01C33611C00E71598 /* Sources */ = {
			isa = PBXSourcesBuildPhase;
			buildActionMask = 2147483647;
			files = (
				BE283CF91C33611C00E71598 /* M_tG_LifeTests.m in Sources */,
			);
			runOnlyForDeploymentPostprocessing = 0;
		};
		BE283CFB1C33611C00E71598 /* Sources */ = {
			isa = PBXSourcesBuildPhase;
			buildActionMask = 2147483647;
			files = (
				BE283D041C33611C00E71598 /* M_tG_LifeUITests.m in Sources */,
			);
			runOnlyForDeploymentPostprocessing = 0;
		};
/* End PBXSourcesBuildPhase section */

/* Begin PBXTargetDependency section */
		BE283CF61C33611C00E71598 /* PBXTargetDependency */ = {
			isa = PBXTargetDependency;
			target = BE283CD71C33611C00E71598 /* M:tG Life */;
			targetProxy = BE283CF51C33611C00E71598 /* PBXContainerItemProxy */;
		};
		BE283D011C33611C00E71598 /* PBXTargetDependency */ = {
			isa = PBXTargetDependency;
			target = BE283CD71C33611C00E71598 /* M:tG Life */;
			targetProxy = BE283D001C33611C00E71598 /* PBXContainerItemProxy */;
		};
/* End PBXTargetDependency section */

/* Begin PBXVariantGroup section */
		BE283CE41C33611C00E71598 /* Main.storyboard */ = {
			isa = PBXVariantGroup;
			children = (
				BE283CE51C33611C00E71598 /* Base */,
			);
			name = Main.storyboard;
			sourceTree = "<group>";
		};
		BE283CEC1C33611C00E71598 /* LaunchScreen.storyboard */ = {
			isa = PBXVariantGroup;
			children = (
				BE283CED1C33611C00E71598 /* Base */,
			);
			name = LaunchScreen.storyboard;
			sourceTree = "<group>";
		};
/* End PBXVariantGroup section */

/* Begin XCBuildConfiguration section */
		BE283D061C33611C00E71598 /* Debug */ = {
			isa = XCBuildConfiguration;
			buildSettings = {
				ALWAYS_SEARCH_USER_PATHS = NO;
				CLANG_CXX_LANGUAGE_STANDARD = "gnu++0x";
				CLANG_CXX_LIBRARY = "libc++";
				CLANG_ENABLE_MODULES = YES;
				CLANG_ENABLE_OBJC_ARC = YES;
				CLANG_WARN_BOOL_CONVERSION = YES;
				CLANG_WARN_CONSTANT_CONVERSION = YES;
				CLANG_WARN_DIRECT_OBJC_ISA_USAGE = YES_ERROR;
				CLANG_WARN_EMPTY_BODY = YES;
				CLANG_WARN_ENUM_CONVERSION = YES;
				CLANG_WARN_INT_CONVERSION = YES;
				CLANG_WARN_OBJC_ROOT_CLASS = YES_ERROR;
				CLANG_WARN_UNREACHABLE_CODE = YES;
				CLANG_WARN__DUPLICATE_METHOD_MATCH = YES;
				"CODE_SIGN_IDENTITY[sdk=iphoneos*]" = "iPhone Developer";
				COPY_PHASE_STRIP = NO;
				DEBUG_INFORMATION_FORMAT = dwarf;
				ENABLE_STRICT_OBJC_MSGSEND = YES;
				ENABLE_TESTABILITY = YES;
				GCC_C_LANGUAGE_STANDARD = gnu99;
				GCC_DYNAMIC_NO_PIC = NO;
				GCC_NO_COMMON_BLOCKS = YES;
				GCC_OPTIMIZATION_LEVEL = 0;
				GCC_PREPROCESSOR_DEFINITIONS = (
					"DEBUG=1",
					"$(inherited)",
				);
				GCC_WARN_64_TO_32_BIT_CONVERSION = YES;
				GCC_WARN_ABOUT_RETURN_TYPE = YES_ERROR;
				GCC_WARN_UNDECLARED_SELECTOR = YES;
				GCC_WARN_UNINITIALIZED_AUTOS = YES_AGGRESSIVE;
				GCC_WARN_UNUSED_FUNCTION = YES;
				GCC_WARN_UNUSED_VARIABLE = YES;
				IPHONEOS_DEPLOYMENT_TARGET = 9.2;
				MTL_ENABLE_DEBUG_INFO = YES;
				ONLY_ACTIVE_ARCH = YES;
				SDKROOT = iphoneos;
				TARGETED_DEVICE_FAMILY = "1,2";
			};
			name = Debug;
		};
		BE283D071C33611C00E71598 /* Release */ = {
			isa = XCBuildConfiguration;
			buildSettings = {
				ALWAYS_SEARCH_USER_PATHS = NO;
				CLANG_CXX_LANGUAGE_STANDARD = "gnu++0x";
				CLANG_CXX_LIBRARY = "libc++";
				CLANG_ENABLE_MODULES = YES;
				CLANG_ENABLE_OBJC_ARC = YES;
				CLANG_WARN_BOOL_CONVERSION = YES;
				CLANG_WARN_CONSTANT_CONVERSION = YES;
				CLANG_WARN_DIRECT_OBJC_ISA_USAGE = YES_ERROR;
				CLANG_WARN_EMPTY_BODY = YES;
				CLANG_WARN_ENUM_CONVERSION = YES;
				CLANG_WARN_INT_CONVERSION = YES;
				CLANG_WARN_OBJC_ROOT_CLASS = YES_ERROR;
				CLANG_WARN_UNREACHABLE_CODE = YES;
				CLANG_WARN__DUPLICATE_METHOD_MATCH = YES;
				"CODE_SIGN_IDENTITY[sdk=iphoneos*]" = "iPhone Developer";
				COPY_PHASE_STRIP = NO;
				DEBUG_INFORMATION_FORMAT = "dwarf-with-dsym";
				ENABLE_NS_ASSERTIONS = NO;
				ENABLE_STRICT_OBJC_MSGSEND = YES;
				GCC_C_LANGUAGE_STANDARD = gnu99;
				GCC_NO_COMMON_BLOCKS = YES;
				GCC_WARN_64_TO_32_BIT_CONVERSION = YES;
				GCC_WARN_ABOUT_RETURN_TYPE = YES_ERROR;
				GCC_WARN_UNDECLARED_SELECTOR = YES;
				GCC_WARN_UNINITIALIZED_AUTOS = YES_AGGRESSIVE;
				GCC_WARN_UNUSED_FUNCTION = YES;
				GCC_WARN_UNUSED_VARIABLE = YES;
				IPHONEOS_DEPLOYMENT_TARGET = 9.2;
				MTL_ENABLE_DEBUG_INFO = NO;
				SDKROOT = iphoneos;
				TARGETED_DEVICE_FAMILY = "1,2";
				VALIDATE_PRODUCT = YES;
			};
			name = Release;
		};
		BE283D091C33611C00E71598 /* Debug */ = {
			isa = XCBuildConfiguration;
			buildSettings = {
				ASSETCATALOG_COMPILER_APPICON_NAME = AppIcon;
				INFOPLIST_FILE = "M:tG Life/Info.plist";
				LD_RUNPATH_SEARCH_PATHS = "$(inherited) @executable_path/Frameworks";
				PRODUCT_BUNDLE_IDENTIFIER = "com.zeropointlogic.M-tG-Life";
				PRODUCT_NAME = "$(TARGET_NAME)";
			};
			name = Debug;
		};
		BE283D0A1C33611C00E71598 /* Release */ = {
			isa = XCBuildConfiguration;
			buildSettings = {
				ASSETCATALOG_COMPILER_APPICON_NAME = AppIcon;
				INFOPLIST_FILE = "M:tG Life/Info.plist";
				LD_RUNPATH_SEARCH_PATHS = "$(inherited) @executable_path/Frameworks";
				PRODUCT_BUNDLE_IDENTIFIER = "com.zeropointlogic.M-tG-Life";
				PRODUCT_NAME = "$(TARGET_NAME)";
			};
			name = Release;
		};
		BE283D0C1C33611C00E71598 /* Debug */ = {
			isa = XCBuildConfiguration;
			buildSettings = {
				BUNDLE_LOADER = "$(TEST_HOST)";
				INFOPLIST_FILE = "M:tG LifeTests/Info.plist";
				LD_RUNPATH_SEARCH_PATHS = "$(inherited) @executable_path/Frameworks @loader_path/Frameworks";
				PRODUCT_BUNDLE_IDENTIFIER = "com.zeropointlogic.M-tG-LifeTests";
				PRODUCT_NAME = "$(TARGET_NAME)";
				TEST_HOST = "$(BUILT_PRODUCTS_DIR)/M:tG Life.app/M:tG Life";
			};
			name = Debug;
		};
		BE283D0D1C33611C00E71598 /* Release */ = {
			isa = XCBuildConfiguration;
			buildSettings = {
				BUNDLE_LOADER = "$(TEST_HOST)";
				INFOPLIST_FILE = "M:tG LifeTests/Info.plist";
				LD_RUNPATH_SEARCH_PATHS = "$(inherited) @executable_path/Frameworks @loader_path/Frameworks";
				PRODUCT_BUNDLE_IDENTIFIER = "com.zeropointlogic.M-tG-LifeTests";
				PRODUCT_NAME = "$(TARGET_NAME)";
				TEST_HOST = "$(BUILT_PRODUCTS_DIR)/M:tG Life.app/M:tG Life";
			};
			name = Release;
		};
		BE283D0F1C33611C00E71598 /* Debug */ = {
			isa = XCBuildConfiguration;
			buildSettings = {
				INFOPLIST_FILE = "M:tG LifeUITests/Info.plist";
				LD_RUNPATH_SEARCH_PATHS = "$(inherited) @executable_path/Frameworks @loader_path/Frameworks";
				PRODUCT_BUNDLE_IDENTIFIER = "com.zeropointlogic.M-tG-LifeUITests";
				PRODUCT_NAME = "$(TARGET_NAME)";
				TEST_TARGET_NAME = "M:tG Life";
				USES_XCTRUNNER = YES;
			};
			name = Debug;
		};
		BE283D101C33611C00E71598 /* Release */ = {
			isa = XCBuildConfiguration;
			buildSettings = {
				INFOPLIST_FILE = "M:tG LifeUITests/Info.plist";
				LD_RUNPATH_SEARCH_PATHS = "$(inherited) @executable_path/Frameworks @loader_path/Frameworks";
				PRODUCT_BUNDLE_IDENTIFIER = "com.zeropointlogic.M-tG-LifeUITests";
				PRODUCT_NAME = "$(TARGET_NAME)";
				TEST_TARGET_NAME = "M:tG Life";
				USES_XCTRUNNER = YES;
			};
			name = Release;
		};
/* End XCBuildConfiguration section */

/* Begin XCConfigurationList section */
		BE283CD31C33611C00E71598 /* Build configuration list for PBXProject "M:tG Life" */ = {
			isa = XCConfigurationList;
			buildConfigurations = (
				BE283D061C33611C00E71598 /* Debug */,
				BE283D071C33611C00E71598 /* Release */,
			);
			defaultConfigurationIsVisible = 0;
			defaultConfigurationName = Release;
		};
		BE283D081C33611C00E71598 /* Build configuration list for PBXNativeTarget "M:tG Life" */ = {
			isa = XCConfigurationList;
			buildConfigurations = (
				BE283D091C33611C00E71598 /* Debug */,
				BE283D0A1C33611C00E71598 /* Release */,
			);
			defaultConfigurationIsVisible = 0;
			defaultConfigurationName = Release;
		};
		BE283D0B1C33611C00E71598 /* Build configuration list for PBXNativeTarget "M:tG LifeTests" */ = {
			isa = XCConfigurationList;
			buildConfigurations = (
				BE283D0C1C33611C00E71598 /* Debug */,
				BE283D0D1C33611C00E71598 /* Release */,
			);
			defaultConfigurationIsVisible = 0;
			defaultConfigurationName = Release;
		};
		BE283D0E1C33611C00E71598 /* Build configuration list for PBXNativeTarget "M:tG LifeUITests" */ = {
			isa = XCConfigurationList;
			buildConfigurations = (
				BE283D0F1C33611C00E71598 /* Debug */,
				BE283D101C33611C00E71598 /* Release */,
			);
			defaultConfigurationIsVisible = 0;
			defaultConfigurationName = Release;
		};
/* End XCConfigurationList section */

/* Begin XCVersionGroup section */
		BE283D201C336C8900E71598 /* M_tG_Life.xcdatamodeld */ = {
			isa = XCVersionGroup;
			children = (
				BE283D211C336C8900E71598 /* M_tG_Life.xcdatamodel */,
			);
			currentVersion = BE283D211C336C8900E71598 /* M_tG_Life.xcdatamodel */;
			path = M_tG_Life.xcdatamodeld;
			sourceTree = "<group>";
			versionGroupType = wrapper.xcdatamodel;
		};
/* End XCVersionGroup section */
	};
	rootObject = BE283CD01C33611C00E71598 /* Project object */;
}
